
Microsoft Visual Studio Solution File, Format Version 12.00
# Visual Studio Version 17
VisualStudioVersion = 17.7.34031.279
MinimumVisualStudioVersion = 10.0.40219.1
Project("{FAE04EC0-301F-11D3-BF4B-00C04F79EFBC}") = "Data", "Data\Data.csproj", "{40B8A7BB-6B46-4C9A-A1F1-524F25A754E6}"
EndProject
Project("{FAE04EC0-301F-11D3-BF4B-00C04F79EFBC}") = "Core", "Core\Core.csproj", "{F9B4A4FA-05C9-440E-BBA3-4C53A5B4133D}"
EndProject
Project("{FAE04EC0-301F-11D3-BF4B-00C04F79EFBC}") = "Api", "Api\Api.csproj", "{B72F440C-2B8F-406F-8BF5-3295EA6B33BC}"
EndProject
Global
	GlobalSection(SolutionConfigurationPlatforms) = preSolution
		Debug|Any CPU = Debug|Any CPU
		Release|Any CPU = Release|Any CPU
	EndGlobalSection
	GlobalSection(ProjectConfigurationPlatforms) = postSolution
		{40B8A7BB-6B46-4C9A-A1F1-524F25A754E6}.Debug|Any CPU.ActiveCfg = Debug|Any CPU
		{40B8A7BB-6B46-4C9A-A1F1-524F25A754E6}.Debug|Any CPU.Build.0 = Debug|Any CPU
		{40B8A7BB-6B46-4C9A-A1F1-524F25A754E6}.Release|Any CPU.ActiveCfg = Release|Any CPU
		{40B8A7BB-6B46-4C9A-A1F1-524F25A754E6}.Release|Any CPU.Build.0 = Release|Any CPU
		{F9B4A4FA-05C9-440E-BBA3-4C53A5B4133D}.Debug|Any CPU.ActiveCfg = Debug|Any CPU
		{F9B4A4FA-05C9-440E-BBA3-4C53A5B4133D}.Debug|Any CPU.Build.0 = Debug|Any CPU
		{F9B4A4FA-05C9-440E-BBA3-4C53A5B4133D}.Release|Any CPU.ActiveCfg = Release|Any CPU
		{F9B4A4FA-05C9-440E-BBA3-4C53A5B4133D}.Release|Any CPU.Build.0 = Release|Any CPU
		{B72F440C-2B8F-406F-8BF5-3295EA6B33BC}.Debug|Any CPU.ActiveCfg = Debug|Any CPU
		{B72F440C-2B8F-406F-8BF5-3295EA6B33BC}.Debug|Any CPU.Build.0 = Debug|Any CPU
		{B72F440C-2B8F-406F-8BF5-3295EA6B33BC}.Release|Any CPU.ActiveCfg = Release|Any CPU
		{B72F440C-2B8F-406F-8BF5-3295EA6B33BC}.Release|Any CPU.Build.0 = Release|Any CPU
	EndGlobalSection
	GlobalSection(SolutionProperties) = preSolution
		HideSolutionNode = FALSE
	EndGlobalSection
	GlobalSection(ExtensibilityGlobals) = postSolution
		SolutionGuid = {59CFAFC7-53C9-46EE-91A3-E580CB46B204}
	EndGlobalSection
EndGlobal
